
Microsoft Visual Studio Solution File, Format Version 12.00
# Visual Studio Version 16
VisualStudioVersion = 16.0.30204.135
MinimumVisualStudioVersion = 10.0.40219.1
Project("{9A19103F-16F7-4668-BE54-9A1E7A4F7556}") = "Lab001_001_Hello_world", "Lab001_001_Hello_world\Lab001_001_Hello_world.csproj", "{42E0637D-1EE2-4B64-9FC9-9CB5209B1605}"
EndProject
Global
	GlobalSection(SolutionConfigurationPlatforms) = preSolution
		Debug|Any CPU = Debug|Any CPU
		Release|Any CPU = Release|Any CPU
	EndGlobalSection
	GlobalSection(ProjectConfigurationPlatforms) = postSolution
		{42E0637D-1EE2-4B64-9FC9-9CB5209B1605}.Debug|Any CPU.ActiveCfg = Debug|Any CPU
		{42E0637D-1EE2-4B64-9FC9-9CB5209B1605}.Debug|Any CPU.Build.0 = Debug|Any CPU
		{42E0637D-1EE2-4B64-9FC9-9CB5209B1605}.Release|Any CPU.ActiveCfg = Release|Any CPU
		{42E0637D-1EE2-4B64-9FC9-9CB5209B1605}.Release|Any CPU.Build.0 = Release|Any CPU
	EndGlobalSection
	GlobalSection(SolutionProperties) = preSolution
		HideSolutionNode = FALSE
	EndGlobalSection
	GlobalSection(ExtensibilityGlobals) = postSolution
		SolutionGuid = {04FC69F7-1E14-4C50-A311-103566CF342E}
	EndGlobalSection
EndGlobal
